
Microsoft Visual Studio Solution File, Format Version 12.00
# Visual Studio 2013
VisualStudioVersion = 12.0.31101.0
MinimumVisualStudioVersion = 10.0.40219.1
Project("{F2A71F9B-5D33-465A-A702-920D77279786}") = "HistoricalDates.App", "HistoricalDates.App\HistoricalDates.App.fsproj", "{E8B956AD-85F9-48C1-88FD-D10784CBD119}"
EndProject
Project("{F2A71F9B-5D33-465A-A702-920D77279786}") = "HistoricalDates.Tests", "HistoricalDates.Tests\HistoricalDates.Tests.fsproj", "{BEFE5BED-0631-4FBE-A500-FD594D5689D9}"
EndProject
Global
	GlobalSection(SolutionConfigurationPlatforms) = preSolution
		Debug|Any CPU = Debug|Any CPU
		Release|Any CPU = Release|Any CPU
	EndGlobalSection
	GlobalSection(ProjectConfigurationPlatforms) = postSolution
		{E8B956AD-85F9-48C1-88FD-D10784CBD119}.Debug|Any CPU.ActiveCfg = Debug|Any CPU
		{E8B956AD-85F9-48C1-88FD-D10784CBD119}.Debug|Any CPU.Build.0 = Debug|Any CPU
		{E8B956AD-85F9-48C1-88FD-D10784CBD119}.Release|Any CPU.ActiveCfg = Release|Any CPU
		{E8B956AD-85F9-48C1-88FD-D10784CBD119}.Release|Any CPU.Build.0 = Release|Any CPU
		{BEFE5BED-0631-4FBE-A500-FD594D5689D9}.Debug|Any CPU.ActiveCfg = Debug|Any CPU
		{BEFE5BED-0631-4FBE-A500-FD594D5689D9}.Debug|Any CPU.Build.0 = Debug|Any CPU
		{BEFE5BED-0631-4FBE-A500-FD594D5689D9}.Release|Any CPU.ActiveCfg = Release|Any CPU
		{BEFE5BED-0631-4FBE-A500-FD594D5689D9}.Release|Any CPU.Build.0 = Release|Any CPU
	EndGlobalSection
	GlobalSection(SolutionProperties) = preSolution
		HideSolutionNode = FALSE
	EndGlobalSection
EndGlobal
